
Microsoft Visual Studio Solution File, Format Version 12.00
# Visual Studio Version 16
VisualStudioVersion = 16.0.33130.400
MinimumVisualStudioVersion = 10.0.40219.1
Project("{FAE04EC0-301F-11D3-BF4B-00C04F79EFBC}") = "CSharpAssignment1q3", "CSharpAssignment1q3\CSharpAssignment1q3.csproj", "{784B23DB-8F91-4C93-8E0C-177030112A14}"
EndProject
Global
	GlobalSection(SolutionConfigurationPlatforms) = preSolution
		Debug|Any CPU = Debug|Any CPU
		Release|Any CPU = Release|Any CPU
	EndGlobalSection
	GlobalSection(ProjectConfigurationPlatforms) = postSolution
		{784B23DB-8F91-4C93-8E0C-177030112A14}.Debug|Any CPU.ActiveCfg = Debug|Any CPU
		{784B23DB-8F91-4C93-8E0C-177030112A14}.Debug|Any CPU.Build.0 = Debug|Any CPU
		{784B23DB-8F91-4C93-8E0C-177030112A14}.Release|Any CPU.ActiveCfg = Release|Any CPU
		{784B23DB-8F91-4C93-8E0C-177030112A14}.Release|Any CPU.Build.0 = Release|Any CPU
	EndGlobalSection
	GlobalSection(SolutionProperties) = preSolution
		HideSolutionNode = FALSE
	EndGlobalSection
	GlobalSection(ExtensibilityGlobals) = postSolution
		SolutionGuid = {6A348A98-0ABD-4D89-BD64-48A232B64DD1}
	EndGlobalSection
EndGlobal
