
Microsoft Visual Studio Solution File, Format Version 12.00
# Visual Studio Version 16
VisualStudioVersion = 16.0.33130.400
MinimumVisualStudioVersion = 10.0.40219.1
Project("{FAE04EC0-301F-11D3-BF4B-00C04F79EFBC}") = "SQLDemo", "SQLDemo\SQLDemo.csproj", "{640641A4-DE79-49FC-9D5E-B4AA1BCA6311}"
EndProject
Global
	GlobalSection(SolutionConfigurationPlatforms) = preSolution
		Debug|Any CPU = Debug|Any CPU
		Release|Any CPU = Release|Any CPU
	EndGlobalSection
	GlobalSection(ProjectConfigurationPlatforms) = postSolution
		{640641A4-DE79-49FC-9D5E-B4AA1BCA6311}.Debug|Any CPU.ActiveCfg = Debug|Any CPU
		{640641A4-DE79-49FC-9D5E-B4AA1BCA6311}.Debug|Any CPU.Build.0 = Debug|Any CPU
		{640641A4-DE79-49FC-9D5E-B4AA1BCA6311}.Release|Any CPU.ActiveCfg = Release|Any CPU
		{640641A4-DE79-49FC-9D5E-B4AA1BCA6311}.Release|Any CPU.Build.0 = Release|Any CPU
	EndGlobalSection
	GlobalSection(SolutionProperties) = preSolution
		HideSolutionNode = FALSE
	EndGlobalSection
	GlobalSection(ExtensibilityGlobals) = postSolution
		SolutionGuid = {D96E7558-3944-4BBB-90D4-07B85F289F61}
	EndGlobalSection
EndGlobal
