
Microsoft Visual Studio Solution File, Format Version 12.00
# Visual Studio Version 16
VisualStudioVersion = 16.0.33130.400
MinimumVisualStudioVersion = 10.0.40219.1
Project("{FAE04EC0-301F-11D3-BF4B-00C04F79EFBC}") = "OOPs Assignment No 3 Q2", "OOPs Assignment No 3 Q2\OOPs Assignment No 3 Q2.csproj", "{76682F3A-929C-45E0-BCA7-76A534F7C240}"
EndProject
Global
	GlobalSection(SolutionConfigurationPlatforms) = preSolution
		Debug|Any CPU = Debug|Any CPU
		Release|Any CPU = Release|Any CPU
	EndGlobalSection
	GlobalSection(ProjectConfigurationPlatforms) = postSolution
		{76682F3A-929C-45E0-BCA7-76A534F7C240}.Debug|Any CPU.ActiveCfg = Debug|Any CPU
		{76682F3A-929C-45E0-BCA7-76A534F7C240}.Debug|Any CPU.Build.0 = Debug|Any CPU
		{76682F3A-929C-45E0-BCA7-76A534F7C240}.Release|Any CPU.ActiveCfg = Release|Any CPU
		{76682F3A-929C-45E0-BCA7-76A534F7C240}.Release|Any CPU.Build.0 = Release|Any CPU
	EndGlobalSection
	GlobalSection(SolutionProperties) = preSolution
		HideSolutionNode = FALSE
	EndGlobalSection
	GlobalSection(ExtensibilityGlobals) = postSolution
		SolutionGuid = {F9BFFF81-EB20-4F98-887E-B71ECEC5D9B7}
	EndGlobalSection
EndGlobal
