
Microsoft Visual Studio Solution File, Format Version 12.00
# Visual Studio Version 16
VisualStudioVersion = 16.0.33130.400
MinimumVisualStudioVersion = 10.0.40219.1
Project("{FAE04EC0-301F-11D3-BF4B-00C04F79EFBC}") = "Assignment no 5 Q4", "Assignment no 5 Q4\Assignment no 5 Q4.csproj", "{AE746745-65C4-4CD0-A629-119F989C5C7F}"
EndProject
Global
	GlobalSection(SolutionConfigurationPlatforms) = preSolution
		Debug|Any CPU = Debug|Any CPU
		Release|Any CPU = Release|Any CPU
	EndGlobalSection
	GlobalSection(ProjectConfigurationPlatforms) = postSolution
		{AE746745-65C4-4CD0-A629-119F989C5C7F}.Debug|Any CPU.ActiveCfg = Debug|Any CPU
		{AE746745-65C4-4CD0-A629-119F989C5C7F}.Debug|Any CPU.Build.0 = Debug|Any CPU
		{AE746745-65C4-4CD0-A629-119F989C5C7F}.Release|Any CPU.ActiveCfg = Release|Any CPU
		{AE746745-65C4-4CD0-A629-119F989C5C7F}.Release|Any CPU.Build.0 = Release|Any CPU
	EndGlobalSection
	GlobalSection(SolutionProperties) = preSolution
		HideSolutionNode = FALSE
	EndGlobalSection
	GlobalSection(ExtensibilityGlobals) = postSolution
		SolutionGuid = {38D15326-EC5C-4FB8-A159-AE9663A49371}
	EndGlobalSection
EndGlobal
