
Microsoft Visual Studio Solution File, Format Version 12.00
# Visual Studio Version 16
VisualStudioVersion = 16.0.33130.400
MinimumVisualStudioVersion = 10.0.40219.1
Project("{FAE04EC0-301F-11D3-BF4B-00C04F79EFBC}") = "CSharpAssignment1Q6", "CSharpAssignment1Q6\CSharpAssignment1Q6.csproj", "{14DF03FA-5502-4177-AF37-CC0B3AA51104}"
EndProject
Global
	GlobalSection(SolutionConfigurationPlatforms) = preSolution
		Debug|Any CPU = Debug|Any CPU
		Release|Any CPU = Release|Any CPU
	EndGlobalSection
	GlobalSection(ProjectConfigurationPlatforms) = postSolution
		{14DF03FA-5502-4177-AF37-CC0B3AA51104}.Debug|Any CPU.ActiveCfg = Debug|Any CPU
		{14DF03FA-5502-4177-AF37-CC0B3AA51104}.Debug|Any CPU.Build.0 = Debug|Any CPU
		{14DF03FA-5502-4177-AF37-CC0B3AA51104}.Release|Any CPU.ActiveCfg = Release|Any CPU
		{14DF03FA-5502-4177-AF37-CC0B3AA51104}.Release|Any CPU.Build.0 = Release|Any CPU
	EndGlobalSection
	GlobalSection(SolutionProperties) = preSolution
		HideSolutionNode = FALSE
	EndGlobalSection
	GlobalSection(ExtensibilityGlobals) = postSolution
		SolutionGuid = {FEF28B3F-73C1-4F3C-A6E5-D8A4418350A1}
	EndGlobalSection
EndGlobal
